
Microsoft Visual Studio Solution File, Format Version 12.00
# Visual Studio Version 17
VisualStudioVersion = 17.3.32901.215
MinimumVisualStudioVersion = 10.0.40219.1
Project("{FAE04EC0-301F-11D3-BF4B-00C04F79EFBC}") = "Height", "Height\Height.csproj", "{7409D10C-1BA5-4C36-9ACA-12CFC0B2B39B}"
EndProject
Global
	GlobalSection(SolutionConfigurationPlatforms) = preSolution
		Debug|Any CPU = Debug|Any CPU
		Release|Any CPU = Release|Any CPU
	EndGlobalSection
	GlobalSection(ProjectConfigurationPlatforms) = postSolution
		{7409D10C-1BA5-4C36-9ACA-12CFC0B2B39B}.Debug|Any CPU.ActiveCfg = Debug|Any CPU
		{7409D10C-1BA5-4C36-9ACA-12CFC0B2B39B}.Debug|Any CPU.Build.0 = Debug|Any CPU
		{7409D10C-1BA5-4C36-9ACA-12CFC0B2B39B}.Release|Any CPU.ActiveCfg = Release|Any CPU
		{7409D10C-1BA5-4C36-9ACA-12CFC0B2B39B}.Release|Any CPU.Build.0 = Release|Any CPU
	EndGlobalSection
	GlobalSection(SolutionProperties) = preSolution
		HideSolutionNode = FALSE
	EndGlobalSection
	GlobalSection(ExtensibilityGlobals) = postSolution
		SolutionGuid = {CEA05FFE-4AF6-4DD0-BD71-DD3C330DBC25}
	EndGlobalSection
EndGlobal
